
Microsoft Visual Studio Solution File, Format Version 12.00
# Visual Studio Version 16
VisualStudioVersion = 16.0.30011.22
MinimumVisualStudioVersion = 10.0.40219.1
Project("{FAE04EC0-301F-11D3-BF4B-00C04F79EFBC}") = "babytrackerservice", "babytrackerservice\babytrackerservice.csproj", "{B25F46F8-C8B9-4BF4-A71D-F139C377C773}"
EndProject
Global
	GlobalSection(SolutionConfigurationPlatforms) = preSolution
		Debug|Any CPU = Debug|Any CPU
		Release|Any CPU = Release|Any CPU
	EndGlobalSection
	GlobalSection(ProjectConfigurationPlatforms) = postSolution
		{B25F46F8-C8B9-4BF4-A71D-F139C377C773}.Debug|Any CPU.ActiveCfg = Debug|Any CPU
		{B25F46F8-C8B9-4BF4-A71D-F139C377C773}.Debug|Any CPU.Build.0 = Debug|Any CPU
		{B25F46F8-C8B9-4BF4-A71D-F139C377C773}.Release|Any CPU.ActiveCfg = Release|Any CPU
		{B25F46F8-C8B9-4BF4-A71D-F139C377C773}.Release|Any CPU.Build.0 = Release|Any CPU
	EndGlobalSection
	GlobalSection(SolutionProperties) = preSolution
		HideSolutionNode = FALSE
	EndGlobalSection
	GlobalSection(ExtensibilityGlobals) = postSolution
		SolutionGuid = {4035B043-413C-448E-BBFF-3D5067E2D012}
	EndGlobalSection
EndGlobal
